{
  "originHash" : "87e8b466c7a186b2fc73f3e88e3c3ce2664a0c28830e9ece61b169265df89c4e",
  "pins" : [
    {
      "identity" : "clerk-ios",
      "kind" : "remoteSourceControl",
      "location" : "https://github.com/clerk/clerk-ios",
      "state" : {
        "revision" : "f8a5b1b474cf2f9c8abcbde9a293a11dd667b9ba",
        "version" : "0.49.0"
      }
    },
    {
      "identity" : "factory",
      "kind" : "remoteSourceControl",
      "location" : "https://github.com/hmlongco/Factory",
      "state" : {
        "revision" : "fb04a8918848e413d3921d346a23bae7f81088d9",
        "version" : "2.4.3"
      }
    },
    {
      "identity" : "get",
      "kind" : "remoteSourceControl",
      "location" : "https://github.com/kean/Get",
      "state" : {
        "revision" : "31249885da1052872e0ac91a2943f62567c0d96d",
        "version" : "2.2.1"
      }
    },
    {
      "identity" : "lambdaspire-swift-abstractions",
      "kind" : "remoteSourceControl",
      "location" : "https://github.com/Lambdaspire/Lambdaspire-Swift-Abstractions",
      "state" : {
        "revision" : "b5d8bf41df8ea16866f6a5e9a015cca259b87fc9",
        "version" : "2.0.0"
      }
    },
    {
      "identity" : "lambdaspire-swift-dependencyresolution",
      "kind" : "remoteSourceControl",
      "location" : "https://github.com/Lambdaspire/Lambdaspire-Swift-DependencyResolution",
      "state" : {
        "branch" : "main",
        "revision" : "fa0b3f338ebd8ed6b3152d88c144978a8dead823"
      }
    },
    {
      "identity" : "lambdaspire-swiftui-foundations",
      "kind" : "remoteSourceControl",
      "location" : "https://github.com/Lambdaspire/Lambdaspire-SwiftUI-Foundations",
      "state" : {
        "branch" : "main",
        "revision" : "0ccadd620685283523199e64e370c63c81bbb792"
      }
    },
    {
      "identity" : "simplekeychain",
      "kind" : "remoteSourceControl",
      "location" : "https://github.com/auth0/SimpleKeychain",
      "state" : {
        "revision" : "b694f155907b189bc82e93586695a26f558c742f",
        "version" : "1.2.0"
      }
    },
    {
      "identity" : "swift-syntax",
      "kind" : "remoteSourceControl",
      "location" : "https://github.com/apple/swift-syntax.git",
      "state" : {
        "revision" : "64889f0c732f210a935a0ad7cda38f77f876262d",
        "version" : "509.1.1"
      }
    }
  ],
  "version" : 3
}
